
Microsoft Visual Studio Solution File, Format Version 12.00
# Visual Studio 15
VisualStudioVersion = 15.0.28010.2036
MinimumVisualStudioVersion = 10.0.40219.1
Project("{FAE04EC0-301F-11D3-BF4B-00C04F79EFBC}") = "DateCalculator", "DateCalculator\DateCalculator.csproj", "{B5624CC7-2958-4021-BCE1-F5A031B9BA1C}"
EndProject
Project("{FAE04EC0-301F-11D3-BF4B-00C04F79EFBC}") = "DateCalculatorTest", "DateCalculatorTest\DateCalculatorTest.csproj", "{2E08243B-51B3-4BFC-A5E7-51B25C3C7520}"
EndProject
Global
	GlobalSection(SolutionConfigurationPlatforms) = preSolution
		Debug|Any CPU = Debug|Any CPU
		Release|Any CPU = Release|Any CPU
	EndGlobalSection
	GlobalSection(ProjectConfigurationPlatforms) = postSolution
		{B5624CC7-2958-4021-BCE1-F5A031B9BA1C}.Debug|Any CPU.ActiveCfg = Debug|Any CPU
		{B5624CC7-2958-4021-BCE1-F5A031B9BA1C}.Debug|Any CPU.Build.0 = Debug|Any CPU
		{B5624CC7-2958-4021-BCE1-F5A031B9BA1C}.Release|Any CPU.ActiveCfg = Release|Any CPU
		{B5624CC7-2958-4021-BCE1-F5A031B9BA1C}.Release|Any CPU.Build.0 = Release|Any CPU
		{2E08243B-51B3-4BFC-A5E7-51B25C3C7520}.Debug|Any CPU.ActiveCfg = Debug|Any CPU
		{2E08243B-51B3-4BFC-A5E7-51B25C3C7520}.Debug|Any CPU.Build.0 = Debug|Any CPU
		{2E08243B-51B3-4BFC-A5E7-51B25C3C7520}.Release|Any CPU.ActiveCfg = Release|Any CPU
		{2E08243B-51B3-4BFC-A5E7-51B25C3C7520}.Release|Any CPU.Build.0 = Release|Any CPU
	EndGlobalSection
	GlobalSection(SolutionProperties) = preSolution
		HideSolutionNode = FALSE
	EndGlobalSection
	GlobalSection(ExtensibilityGlobals) = postSolution
		SolutionGuid = {2C53EC9F-84F7-4397-B6E6-56468327A494}
	EndGlobalSection
	GlobalSection(TeamFoundationVersionControl) = preSolution
		SccNumberOfProjects = 3
		SccEnterpriseProvider = {4CA58AB2-18FA-4F8D-95D4-32DDF27D184C}
		SccTeamFoundationServer = https://rcrepository.visualstudio.com/
		SccLocalPath0 = .
		SccProjectUniqueName1 = DateCalculator\\DateCalculator.csproj
		SccProjectName1 = DateCalculator
		SccLocalPath1 = DateCalculator
		SccProjectUniqueName2 = DateCalculatorTest\\DateCalculatorTest.csproj
		SccProjectName2 = DateCalculatorTest
		SccLocalPath2 = DateCalculatorTest
	EndGlobalSection
EndGlobal
